
Microsoft Visual Studio Solution File, Format Version 12.00
# Visual Studio 2012
Project("{FAE04EC0-301F-11D3-BF4B-00C04F79EFBC}") = "QL_SinhVien", "QL_SinhVien\QL_SinhVien.csproj", "{48F2D23D-D4F2-411C-9603-DB1956DD657E}"
EndProject
Global
	GlobalSection(SolutionConfigurationPlatforms) = preSolution
		Debug|Any CPU = Debug|Any CPU
		Release|Any CPU = Release|Any CPU
	EndGlobalSection
	GlobalSection(ProjectConfigurationPlatforms) = postSolution
		{48F2D23D-D4F2-411C-9603-DB1956DD657E}.Debug|Any CPU.ActiveCfg = Debug|Any CPU
		{48F2D23D-D4F2-411C-9603-DB1956DD657E}.Debug|Any CPU.Build.0 = Debug|Any CPU
		{48F2D23D-D4F2-411C-9603-DB1956DD657E}.Release|Any CPU.ActiveCfg = Release|Any CPU
		{48F2D23D-D4F2-411C-9603-DB1956DD657E}.Release|Any CPU.Build.0 = Release|Any CPU
	EndGlobalSection
	GlobalSection(SolutionProperties) = preSolution
		HideSolutionNode = FALSE
	EndGlobalSection
EndGlobal
